{"SurveyEntry":{"SurveyID":"SV_0uK9vLwNZm9CWFL","SurveyName":"Iterated learning - mTurk","SurveyDescription":null,"SurveyOwnerID":"UR_ddqwgaHYRfQ4Nnu","SurveyBrandID":"unswpsy","DivisionID":null,"SurveyLanguage":"EN","SurveyActiveResponseSet":"RS_38XQPkk194qbYNf","SurveyStatus":"Active","SurveyStartDate":"0000-00-00 00:00:00","SurveyExpirationDate":"0000-00-00 00:00:00","SurveyCreationDate":"2016-02-18 04:43:30","CreatorID":"UR_ddqwgaHYRfQ4Nnu","LastModified":"2018-06-21 18:41:09","LastAccessed":"0000-00-00 00:00:00","LastActivated":"2016-03-03 21:37:24","Deleted":null},"SurveyElements":[{"SurveyID":"SV_0uK9vLwNZm9CWFL","Element":"BL","PrimaryAttribute":"Survey Blocks","SecondaryAttribute":null,"TertiaryAttribute":null,"Payload":[{"Type":"Default","Description":"Aus","ID":"BL_dmdr47MNMd9Sge1","BlockElements":[{"Type":"Question","QuestionID":"QID1"}],"Options":{"BlockLocking":"false","RandomizeQuestions":"false","Looping":"Static","LoopingOptions":{"Static":{"1":{"1":"Gordon Brown"},"2":{"1":"Bill Shorten"},"3":{"1":"John Howard"},"4":{"1":"Malcolm Turnbull"}},"Randomization":"Subset","TotalRandSubset":"1"},"Randomization":{"EvenPresentation":false}}},{"Type":"Trash","Description":"Trash \/ Unused Questions","ID":"BL_bjx4haJaZKBFBdz","BlockElements":[{"Type":"Question","QuestionID":"QID4"},{"Type":"Page Break"},{"Type":"Page Break"},{"Type":"Question","QuestionID":"QID6"},{"Type":"Question","QuestionID":"QID2"},{"Type":"Question","QuestionID":"QID9"},{"Type":"Page Break"},{"Type":"Question","QuestionID":"QID10"},{"Type":"Question","QuestionID":"QID7"},{"Type":"Question","QuestionID":"QID12"},{"Type":"Question","QuestionID":"QID13"}]},{"Type":"Standard","SubType":"","Description":"Demos","ID":"BL_brNiQmdpYwIMwK1","BlockElements":[{"Type":"Question","QuestionID":"QID3"},{"Type":"Question","QuestionID":"QID5"},{"Type":"Question","QuestionID":"QID8"}]},{"Type":"Standard","SubType":"","Description":"US","ID":"BL_9Bs5bRtZoBM9dU9","BlockElements":[{"Type":"Question","QuestionID":"QID11"}],"Options":{"BlockLocking":"false","RandomizeQuestions":"false","Looping":"Static","LoopingOptions":{"Static":{"1":{"1":"Laremy Tunsil"},"2":{"1":"Von Miller"},"3":{"1":"Russell Wilson"},"4":{"1":"Jonathan Bullard"}},"Randomization":"Subset","TotalRandSubset":"1"}}},{"Type":"Standard","SubType":"","Description":"Mturk request","ID":"BL_dhvRglAcmOCBkQ5","BlockElements":[{"Type":"Question","QuestionID":"QID14"}]},{"Type":"Standard","SubType":"","Description":"Block 4","ID":"BL_d6HOmIhIwAuEjB3","BlockElements":[{"Type":"Question","QuestionID":"QID15"}]},{"Type":"Standard","SubType":"","Description":"Block 5","ID":"BL_b2EQAeBn3JZ3Ytn","BlockElements":[{"Type":"Question","QuestionID":"QID16"}]}]},{"SurveyID":"SV_0uK9vLwNZm9CWFL","Element":"BR","PrimaryAttribute":"FL_9","SecondaryAttribute":null,"TertiaryAttribute":null,"Payload":{"FL_8":1,"FL_2":1}},{"SurveyID":"SV_0uK9vLwNZm9CWFL","Element":"FL","PrimaryAttribute":"Survey Flow","SecondaryAttribute":null,"TertiaryAttribute":null,"Payload":{"Type":"Root","FlowID":"FL_1","Flow":[{"Type":"EmbeddedData","FlowID":"FL_11","EmbeddedData":[{"Description":"MID","Type":"Recipient","Field":"MID","VariableType":"Nominal","DataVisibility":[]}]},{"Type":"EmbeddedData","FlowID":"FL_12","EmbeddedData":[{"Description":"Excluded","Type":"Custom","Field":"Excluded","VariableType":"Nominal","DataVisibility":[],"Value":"A3HBMPB74FWI1,ACDWBEBOTM2JW,AIOF4ZQQ9UDZ4,A2BZJAUH0XPO54,A1RT9SQ9D9DLOV,A2DZJ4VBQ558BR,A2O5OJXCUFQ3FV,A3I40B0FATY8VH,A3EPDU2O2JMR50,A2SWQM5X54P1O5,A14MOF7D5EUMH1,A3NENUY6H263YT,AJVGW8ZY3SWE4,AVFHRN0S32V2H,A26FQ2XNQB9RQG,AOTCPS24JM5DQ,AIEKCWYZTS41V,A3TGY06F7XQ9LL,A3E9A9O3CLMEW,A27TJ5U1Z6PCHL,A2R02DYCDLY75U,A2CF2BD4Q0ZDJN,A3NS1DN6J7Z3EU,A18FK1XR73EQ2W,AK3H5QRAROFGP,A19TL7AJ0FB1JG,A1VZSFHTU51JP0,AW9983V6TUGF8,A15JP0TGZKLNIZ,A207IHY6GERCFO,A1LVDBZ5MAMEC5,A2BL0NJ8A8X050,A356795ET25HER,A1G187YBG0DVMQ,A6NNTKY436XR8,A149ROBL26JWPJ,A1R93MQYAFEVX1,ATADQXPHL10Y8,A3I4PK485Z5QP9,A3VCJ5WIM58VN2,AQIHP9D5DG5J,A19LTHK3TA57SF,A1F991VPHVNIVC,AHLS6AZ1VTNH7,A35TWG9VW1MB5S,A91PQGFUGYVR6,A2M3KQ9CKP7YW,AMA18W8F60Y2J,A2PXJTMWGUE5DC,A3FGT6EU39C6S4,A1A3TGZ7DKJWRW,A1H5BQHY7VOY3I,A320QA9HJFUOZO,A34HAWRROCBPY2,A2YRETZO1E9ON1,APHNYDGTCRN3O,A3UQ9R1VDVVQKR,A273DS7TQWR9M1,A3BTW2I69IR1AE,A38DC3BG1ZCVZ2,A3N8JP3QR3VPE8,AC93AVCHZRXFY,A2L772YDACSPHF,A1QHJGHKDIG3T5,A37EV8RZ82WT8E,A30YOD6MXIFXNJ,A245FLZZVN6U74,A1N4AZ1QXPOPXH,A2F79GFUWU5O96,A2IIVS6BPUCTY7,A3LKPARORDKLWT,AQORJW4W8U9YU,A2V3P1XE33NYC3,AWU9KXJ20TYKQ,A3EUGX9QQDZ2S4,A1R0689JPSQ3OF,A1QJ2VPPZG16EG,A1T83SZBP2DN65,A37I58C4258IPX,A3SCEKR5XEWDRU,A2SZ9Q287HSOCL,A2J1VDVDYZRK29,AFDC9A6Z60W2Z,A2SVNXNMD7E7EH,A3K7UC7LUKV0ZV,AQL960O0LTRI8,A5YVMQWA2IYPF,A2Z7SWO6HS5OOI,A2V9WQ4ZG1NUNP,A3I1W58P6SIV26,A1OZPLHNIU1519,A2J3GYERCQACH0,A38TCWLTNL597T,A1QJ2VPPZG16EG,AU2NVT51E749C"},{"Description":"Enter Embedded Data Field Name Here...","Type":"Recipient","Field":"Enter Embedded Data Field Name Here...","VariableType":"Nominal","DataVisibility":[]}]},{"Type":"Branch","FlowID":"FL_13","Description":"New Branch","BranchLogic":{"0":{"0":{"LogicType":"EmbeddedField","LeftOperand":"MID","Operator":"Empty","_HiddenExpression":false,"Type":"Expression","Description":"<span class=\"ConjDesc\">If<\/span>  <span class=\"LeftOpDesc\">MID<\/span> <span class=\"OpDesc\">Is Empty<\/span> "},"Type":"If"},"Type":"BooleanExpression"},"Flow":[{"Type":"Standard","ID":"BL_dhvRglAcmOCBkQ5","FlowID":"FL_14"}]},{"Type":"Branch","FlowID":"FL_15","Description":"New Branch","BranchLogic":{"0":{"0":{"LogicType":"EmbeddedField","LeftOperand":"Excluded","Operator":"Contains","RightOperand":"${e:\/\/Field\/MID}","_HiddenExpression":false,"Type":"Expression","Description":"<span class=\"ConjDesc\">If<\/span>  <span class=\"LeftOpDesc\">Excluded<\/span> <span class=\"OpDesc\">Contains<\/span> <span class=\"RightOpDesc\"> ${e:\/\/Field\/MID} <\/span>"},"1":{"LogicType":"EmbeddedField","LeftOperand":"Excluded","Operator":"Contains","RightOperand":"${q:\/\/QID14\/ChoiceTextEntryValue}","_HiddenExpression":false,"Type":"Expression","Description":"<span class=\"ConjDesc\">Or<\/span>  <span class=\"LeftOpDesc\">Excluded<\/span> <span class=\"OpDesc\">Contains<\/span> <span class=\"RightOpDesc\"> ${q:\/\/QID14\/ChoiceTextEntryValue} <\/span>","Conjuction":"Or"},"Type":"If"},"Type":"BooleanExpression"},"Flow":[{"Type":"EndSurvey","FlowID":"FL_16","EndingType":"Advanced","Options":{"Advanced":"true","SurveyTermination":"DisplayMessage","EOSMessageLibrary":"UR_0ljXlfxL5CPsyXj","EOSMessage":"MS_etxa3QAtvtvd1Ot"}}]},{"Type":"WebService","FlowID":"FL_10","URL":"http:\/\/reporting.qualtrics.com\/projects\/randomNumGen.php","Method":"GET","RequestParams":[{"key":"min","value":"11111"},{"key":"max","value":"99999"}],"EditBodyParams":[],"Body":[],"ContentType":"application\/x-www-form-urlencoded","Headers":[],"ResponseMap":[{"key":"random","value":"mturkcode"}],"FireAndForget":false,"SchemaVersion":0},{"Type":"Standard","ID":"BL_d6HOmIhIwAuEjB3","FlowID":"FL_17"},{"Type":"Standard","ID":"BL_b2EQAeBn3JZ3Ytn","FlowID":"FL_20"},{"Type":"Standard","ID":"BL_brNiQmdpYwIMwK1","FlowID":"FL_3"},{"Type":"Block","ID":"BL_dmdr47MNMd9Sge1","FlowID":"FL_18"},{"Type":"Block","ID":"BL_9Bs5bRtZoBM9dU9","FlowID":"FL_19"},{"Type":"EndSurvey","FlowID":"FL_7","EndingType":"Advanced","Options":{"Advanced":"true","SurveyTermination":"DisplayMessage","EOSMessageLibrary":"UR_0ljXlfxL5CPsyXj","EOSMessage":"MS_2nN30ifhRGOKwrH"}}],"Properties":{"Count":20,"RemovedFieldsets":[]}}},{"SurveyID":"SV_0uK9vLwNZm9CWFL","Element":"SO","PrimaryAttribute":"Survey Options","SecondaryAttribute":null,"TertiaryAttribute":null,"Payload":{"BackButton":"false","SaveAndContinue":"true","SurveyProtection":"PublicSurvey","BallotBoxStuffingPrevention":"false","NoIndex":"Yes","SurveyExpiration":"None","SurveyTermination":"DefaultMessage","Header":"","Footer":"","ProgressBarDisplay":"None","PartialData":"+1 week","ValidationMessage":"","PreviousButton":"  <<  ","NextButton":"  >>  ","SkinLibrary":"unswpsy","SkinType":"MQ","Skin":"unswpsy","NewScoring":1,"ProtectSelectionIds":true}},{"SurveyID":"SV_0uK9vLwNZm9CWFL","Element":"SCO","PrimaryAttribute":"Scoring","SecondaryAttribute":null,"TertiaryAttribute":null,"Payload":{"ScoringCategories":[],"ScoringCategoryGroups":[],"ScoringSummaryCategory":null,"ScoringSummaryAfterQuestions":0,"ScoringSummaryAfterSurvey":0,"DefaultScoringCategory":null,"AutoScoringCategory":null}},{"SurveyID":"SV_0uK9vLwNZm9CWFL","Element":"STAT","PrimaryAttribute":"Survey Statistics","SecondaryAttribute":null,"TertiaryAttribute":null,"Payload":{"MobileCompatible":true,"ID":"Survey Statistics"}},{"SurveyID":"SV_0uK9vLwNZm9CWFL","Element":"PROJ","PrimaryAttribute":"CORE","SecondaryAttribute":"1.0.0","TertiaryAttribute":null,"Payload":null},{"SurveyID":"SV_0uK9vLwNZm9CWFL","Element":"QC","PrimaryAttribute":"Survey Question Count","SecondaryAttribute":"16","TertiaryAttribute":null,"Payload":null},{"SurveyID":"SV_0uK9vLwNZm9CWFL","Element":"SQ","PrimaryAttribute":"QID5","SecondaryAttribute":"Age:","TertiaryAttribute":null,"Payload":{"QuestionText":"Age:","DefaultChoices":false,"DataExportTag":"Q5","QuestionType":"TE","Selector":"SL","Configuration":{"QuestionDescriptionOption":"UseText"},"QuestionDescription":"Age:","Validation":{"Settings":{"ForceResponse":"ON","ForceResponseType":"ON","Type":"ContentType","ContentType":"ValidNumber","ValidDateType":"DateWithFormat","ValidPhoneType":"ValidUSPhone","ValidZipType":"ValidUSZip"}},"GradingData":[],"Language":[],"QuestionID":"QID5"}},{"SurveyID":"SV_0uK9vLwNZm9CWFL","Element":"SQ","PrimaryAttribute":"QID16","SecondaryAttribute":"Approval No 2574 \u00a0\u00a0 \u00a0 THE UNIVERSITY OF NEW SOUTH WALES \u00a0 PARTICIPANT INFORMATION STATEMENT \u00a0 T","TertiaryAttribute":null,"Payload":{"QuestionText":"<p><span lang=\"EN-US\" style=\"font-size:10.0pt;\nfont-family:&quot;Times New Roman&quot;,serif;mso-fareast-font-family:&quot;Times New Roman&quot;;\nmso-ansi-language:EN-US\">Approval No <strong>2574<\/strong><o:p><\/o:p><\/span><\/p>\n\n<p><span lang=\"EN-US\" style=\"font-size:10.0pt;\nfont-family:&quot;Times New Roman&quot;,serif;mso-fareast-font-family:&quot;Times New Roman&quot;;\nmso-ansi-language:EN-US\">&nbsp;<em>&nbsp; <\/em><strong><o:p><\/o:p><\/strong><\/span><\/p>\n\n<p><strong><span lang=\"EN-US\" style=\"font-size:10.0pt;font-family:&quot;Times New Roman&quot;,serif;mso-fareast-font-family:\n&quot;Times New Roman&quot;;mso-ansi-language:EN-US\">&nbsp;<\/span><\/strong><\/p>\n\n<p><span lang=\"EN-US\" style=\"font-size:10.0pt;\nfont-family:&quot;Times New Roman&quot;,serif;mso-fareast-font-family:&quot;Times New Roman&quot;;\nmso-ansi-language:EN-US\">THE UNIVERSITY OF NEW SOUTH WALES<em><o:p><\/o:p><\/em><\/span><\/p>\n\n<p><strong><em><span lang=\"EN-US\" style=\"font-size:10.0pt;font-family:&quot;Times New Roman&quot;,serif;\nmso-fareast-font-family:&quot;Times New Roman&quot;;mso-ansi-language:EN-US\">&nbsp;<\/span><\/em><\/strong><\/p>\n\n<p><strong><span style=\"font-size:12.0pt;mso-bidi-font-size:10.0pt;font-family:&quot;Times New Roman&quot;,serif;\nmso-fareast-font-family:&quot;Times New Roman&quot;\">PARTICIPANT INFORMATION STATEMENT<o:p><\/o:p><\/span><\/strong><\/p>\n\n<p><u><span lang=\"EN-US\" style=\"font-size:\n10.0pt;font-family:&quot;Times New Roman&quot;,serif;mso-fareast-font-family:&quot;Times New Roman&quot;;\nmso-ansi-language:EN-US\">&nbsp;<\/span><\/u><\/p>\n\n<p><span lang=\"EN-US\" style=\"font-size:10.0pt;\nfont-family:&quot;Times New Roman&quot;,serif;mso-fareast-font-family:&quot;Times New Roman&quot;;\nmso-ansi-language:EN-US\">Theories of inductive reasoning<u><o:p><\/o:p><\/u><\/span><\/p>\n\n<p><u><span lang=\"EN-US\" style=\"font-size:10.0pt;font-family:&quot;Times New Roman&quot;,serif;\nmso-fareast-font-family:&quot;Times New Roman&quot;;mso-ansi-language:EN-US\">&nbsp;<\/span><\/u><\/p>\n\n<p><strong><span lang=\"EN-US\" style=\"font-size:10.0pt;\nfont-family:&quot;Times New Roman&quot;,serif;mso-fareast-font-family:&quot;Times New Roman&quot;;\nmso-ansi-language:EN-US\">Participant Selection and Purpose of Study<\/span><\/strong><u><span lang=\"EN-US\" style=\"font-size:10.0pt;font-family:&quot;Times New Roman&quot;,serif;\nmso-fareast-font-family:&quot;Times New Roman&quot;;mso-ansi-language:EN-US\"><o:p><\/o:p><\/span><\/u><\/p>\n\n<p><span lang=\"EN-US\" style=\"font-size:10.0pt;\nfont-family:&quot;Times New Roman&quot;,serif;mso-fareast-font-family:&quot;Times New Roman&quot;;\nmso-ansi-language:EN-US\">You are invited to participate in a study of how human reasoning works.&nbsp; We hope to learn what information people find most useful in guiding their judgments about the world. You were selected as a possible participant in this study because you accepted our HIT on Amazon Mechanical Turk. <o:p><\/o:p><\/span><\/p>\n\n<p><span lang=\"EN-US\" style=\"font-size:10.0pt;\nfont-family:&quot;Times New Roman&quot;,serif;mso-fareast-font-family:&quot;Times New Roman&quot;;\nmso-ansi-language:EN-US\">&nbsp;<\/span><\/p>\n\n<p><strong><span lang=\"EN-US\" style=\"font-size:10.0pt;\nfont-family:&quot;Times New Roman&quot;,serif;mso-fareast-font-family:&quot;Times New Roman&quot;;\nmso-ansi-language:EN-US\">Description of Study and Risks<\/span><\/strong><span lang=\"EN-US\" style=\"font-size:10.0pt;font-family:&quot;Times New Roman&quot;,serif;\nmso-fareast-font-family:&quot;Times New Roman&quot;;mso-ansi-language:EN-US\"><o:p><\/o:p><\/span><\/p>\n\n<p><span lang=\"EN-US\" style=\"font-size:10.0pt;\nfont-family:&quot;Times New Roman&quot;,serif;mso-fareast-font-family:&quot;Times New Roman&quot;;\nmso-ansi-language:EN-US\">If you decide to participate, we will present you with some reasoning problems in which you need to use the (possibly incomplete) information to make judgments (or guesses) about the truth of different propositions. Detailed instructions will be provided once the task begins. The exact number of problems you need to solve depends on which version of the task the computer assigns you to, but the on-screen display will inform you of how much further you have to go. The task should take approximately 5 minutes to complete including reading time.<o:p><\/o:p><\/span><\/p>\n\n<p><span lang=\"EN-US\" style=\"font-size:10.0pt;\nfont-family:&quot;Times New Roman&quot;,serif;mso-fareast-font-family:&quot;Times New Roman&quot;;\nmso-ansi-language:EN-US\">&nbsp;<\/span><\/p>\n\n<p><span lang=\"EN-US\" style=\"font-size:10.0pt;\nfont-family:&quot;Times New Roman&quot;,serif;mso-fareast-font-family:&quot;Times New Roman&quot;;\nmso-ansi-language:EN-US\">No discomforts or inconveniences besides some boredom are reasonably expected. No risks are reasonably expected as a result of your participation in this study. We cannot and do not guarantee or promise that you will receive any benefits from this study. <o:p><\/o:p><\/span><\/p>\n\n<p><span lang=\"EN-US\" style=\"font-size:10.0pt;\nfont-family:&quot;Times New Roman&quot;,serif;mso-fareast-font-family:&quot;Times New Roman&quot;;\nmso-ansi-language:EN-US\">&nbsp;<\/span><\/p>\n\n<p><strong><span lang=\"EN-US\" style=\"font-size:10.0pt;\nfont-family:&quot;Times New Roman&quot;,serif;mso-fareast-font-family:&quot;Times New Roman&quot;;\nmso-ansi-language:EN-US\">Confidentiality and Disclosure of Information<\/span><\/strong><span lang=\"EN-US\" style=\"font-size:10.0pt;font-family:&quot;Times New Roman&quot;,serif;\nmso-fareast-font-family:&quot;Times New Roman&quot;;mso-ansi-language:EN-US\"><o:p><\/o:p><\/span><\/p>\n\n<p><span lang=\"EN-US\" style=\"font-size:10.0pt;\nfont-family:&quot;Times New Roman&quot;,serif;mso-fareast-font-family:&quot;Times New Roman&quot;;\nmso-ansi-language:EN-US\">Any information that is obtained in connection with this study and that can be identified with you will remain confidential and will be disclosed only with your permission or except as required by law.&nbsp; If you give us your permission by clicking on the &ldquo;I agree&rdquo; button below, we plan to publish the results in academic journals and discuss the results at scientific conferences<em>.<\/em> In any publication, information will be provided in such a way that you cannot be identified.<o:p><\/o:p><\/span><\/p>\n\n<p><span lang=\"EN-US\" style=\"font-size:10.0pt;\nfont-family:&quot;Times New Roman&quot;,serif;mso-fareast-font-family:&quot;Times New Roman&quot;;\nmso-ansi-language:EN-US\">&nbsp;<\/span><\/p>\n\n<p><strong><span lang=\"EN-US\" style=\"font-size:10.0pt;\nfont-family:&quot;Times New Roman&quot;,serif;mso-fareast-font-family:&quot;Times New Roman&quot;;\nmso-ansi-language:EN-US\">Recompense to participants<o:p><\/o:p><\/span><\/strong><\/p>\n\n<p><span lang=\"EN-US\" style=\"font-size:10.0pt;font-family:&quot;TimesNew Roman&quot;;\nmso-fareast-font-family:&quot;Times New Roman&quot;;mso-hansi-font-family:&quot;TimesNew Roman&quot;;\nmso-bidi-font-family:&quot;Times New Roman&quot;;mso-ansi-language:EN-US\">As stated on the Amazon Mechanical Turk page, <u>the pay for completing this HIT is US$0.85<\/u>.<o:p><\/o:p><\/span><\/p>\n\n<p><em><span lang=\"EN-US\" style=\"font-size:10.0pt;font-family:&quot;Times New Roman&quot;,serif;\nmso-fareast-font-family:&quot;Times New Roman&quot;;mso-ansi-language:EN-US\">&nbsp;<\/span><\/em><\/p>\n\n<p><strong><span lang=\"EN-US\" style=\"font-size:10.0pt;\nfont-family:&quot;Times New Roman&quot;,serif;mso-fareast-font-family:&quot;Times New Roman&quot;;\nmso-ansi-language:EN-US\">Your consent<\/span><\/strong><em><span lang=\"EN-US\" style=\"font-size:10.0pt;font-family:&quot;Times New Roman&quot;,serif;\nmso-fareast-font-family:&quot;Times New Roman&quot;;mso-ansi-language:EN-US\"><o:p><\/o:p><\/span><\/em><\/p>\n\n<p><span lang=\"EN-US\" style=\"font-size:10.0pt;\nfont-family:&quot;Times New Roman&quot;,serif;mso-fareast-font-family:&quot;Times New Roman&quot;;\nmso-ansi-language:EN-US\">Your decision whether or not to participate will not prejudice your future relations with The University of New South Wales<em>.<\/em>&nbsp; If you decide to participate, you are free to withdraw your consent and to discontinue participation at any time without prejudice.<o:p><\/o:p><\/span><\/p>\n\n<p><span lang=\"EN-US\" style=\"font-size:10.0pt;\nfont-family:&quot;Times New Roman&quot;,serif;mso-fareast-font-family:&quot;Times New Roman&quot;;\nmso-ansi-language:EN-US\">&nbsp;<\/span><\/p>\n\n<p><strong><span lang=\"EN-US\" style=\"font-size:10.0pt;font-family:&quot;Times New Roman&quot;,serif;\nmso-fareast-font-family:&quot;Times New Roman&quot;;mso-ansi-language:EN-US\">Inquiries<\/span><\/strong><span lang=\"EN-US\" style=\"font-size:10.0pt;font-family:&quot;Times New Roman&quot;,serif;\nmso-fareast-font-family:&quot;Times New Roman&quot;;mso-ansi-language:EN-US\"><o:p><\/o:p><\/span><\/p>\n\n<p><span lang=\"EN-US\" style=\"font-size:10.0pt;\nfont-family:&quot;Times New Roman&quot;,serif;mso-fareast-font-family:&quot;Times New Roman&quot;;\nmso-ansi-language:EN-US\">&nbsp;<\/span><\/p>\n\n<p><span lang=\"EN-US\" style=\"font-size:10.0pt;\nfont-family:&quot;Times New Roman&quot;,serif;mso-fareast-font-family:&quot;Times New Roman&quot;;\nmso-ansi-language:EN-US\">If you have any questions or concerns following your participation, Associate Professor Daniel Navarro (+61 4 2148 8402, email. dan.navarro@unsw.edu.au) will be happy to address them. Complaints about the study may be directed to UNSW&rsquo;s <\/span><span style=\"font-size:10.0pt;font-family:&quot;Times New Roman&quot;,serif;mso-fareast-font-family:\n&quot;Times New Roman&quot;\">Research Ethics &amp; Compliance Support<\/span><span lang=\"EN-US\" style=\"font-size:10.0pt;font-family:&quot;Times New Roman&quot;,serif;\nmso-fareast-font-family:&quot;Times New Roman&quot;;mso-ansi-language:EN-US\">, (phone +61 2 <\/span><span style=\"font-size: 10pt; font-family: 'Times New Roman', serif; color: rgb(48, 48, 48); background-image: initial; background-attachment: initial; background-size: initial; background-origin: initial; background-clip: initial; background-position: initial; background-repeat: initial;\">9385 4235 or +61 2<\/span><span style=\"font-family: 'Times New Roman', serif; color: rgb(48, 48, 48); background-image: initial; background-attachment: initial; background-size: initial; background-origin: initial; background-clip: initial; background-position: initial; background-repeat: initial;\"> <\/span><span style=\"font-size: 10pt; font-family: 'Times New Roman', serif; color: rgb(48, 48, 48); background-image: initial; background-attachment: initial; background-size: initial; background-origin: initial; background-clip: initial; background-position: initial; background-repeat: initial;\">9385 4958, email.<\/span><span style=\"font-family:\n&quot;Times New Roman&quot;,serif\"> <\/span><span style=\"font-size: 10pt; font-family: 'Times New Roman', serif; color: rgb(48, 48, 48); background-image: initial; background-attachment: initial; background-size: initial; background-origin: initial; background-clip: initial; background-position: initial; background-repeat: initial;\">humanethics@unsw.edu.au). <\/span><em><span lang=\"EN-US\" style=\"font-size:10.0pt;\nfont-family:&quot;Times New Roman&quot;,serif;mso-fareast-font-family:&quot;Times New Roman&quot;;\nmso-ansi-language:EN-US\"><o:p><\/o:p><\/span><\/em><\/p>\n\n<p><span style=\"font-size:10.0pt;\nfont-family:&quot;Times New Roman&quot;,serif;mso-fareast-font-family:&quot;Times New Roman&quot;;\nmso-fareast-language:EN-US\">&nbsp;<\/span><\/p>\n\n<p><span style=\"font-size:10.0pt;font-family:\n&quot;Times New Roman&quot;,serif;mso-fareast-font-family:&quot;Times New Roman&quot;\">Please keep a copy of this information sheet (you can download the pdf here:&nbsp;<\/span><a href=\"https:\/\/unswpsy.asia.qualtrics.com\/CP\/File.php?F=F_3DbzYjqbBfIYVrT\" target=\"_blank\">Consent form<\/a> <span style=\"font-size:10.0pt;font-family:\n&quot;Times New Roman&quot;,serif;mso-fareast-font-family:&quot;Times New Roman&quot;\">)<o:p><\/o:p><\/span><\/p>\n\n<p><strong><span lang=\"EN-US\" style=\"font-size:12.0pt;mso-bidi-font-size:10.0pt;font-family:&quot;Times New Roman&quot;,serif;\nmso-fareast-font-family:&quot;Times New Roman&quot;;mso-ansi-language:EN-US\">&nbsp;<\/span><\/strong><\/p>\n\n<p><strong><span lang=\"EN-US\" style=\"font-size:12.0pt;mso-bidi-font-size:10.0pt;font-family:&quot;Times New Roman&quot;,serif;\nmso-fareast-font-family:&quot;Times New Roman&quot;;mso-ansi-language:EN-US\">PARTICIPANT CONSENT <\/span><\/strong><u><span lang=\"EN-US\" style=\"font-size:12.0pt;mso-bidi-font-size:\n10.0pt;font-family:&quot;Times New Roman&quot;,serif;mso-fareast-font-family:&quot;Times New Roman&quot;;\nmso-ansi-language:EN-US\"><o:p><\/o:p><\/span><\/u><\/p>\n\n<p><strong><span lang=\"EN-US\" style=\"font-size:10.0pt;font-family:&quot;Times New Roman&quot;,serif;\nmso-fareast-font-family:&quot;Times New Roman&quot;;mso-ansi-language:EN-US\">&nbsp;<\/span><\/strong><\/p>\n\n<p><strong><span lang=\"EN-US\" style=\"font-size:10.0pt;font-family:&quot;Times New Roman&quot;,serif;\nmso-fareast-font-family:&quot;Times New Roman&quot;;mso-ansi-language:EN-US\">By continuing, you are making a decision whether or not to participate.&nbsp; Clicking the button below indicates that, having read the information provided on the participant information sheet, you have decided to participate.&nbsp;<o:p><\/o:p><\/span><\/strong><\/p>\n\n<p>&nbsp;<\/p>\n\n<p><span lang=\"EN-US\" style=\"font-size:10.0pt;\nfont-family:&quot;Times New Roman&quot;,serif;mso-fareast-font-family:&quot;Times New Roman&quot;;\nmso-ansi-language:EN-US\">To withdraw your consent, simply close the browser tab and return the HIT. Your data will be deleted from our records.&nbsp;<o:p><\/o:p><\/span><\/p>","DefaultChoices":false,"DataExportTag":"Q19","QuestionType":"MC","Selector":"SAVR","SubSelector":"TX","Configuration":{"QuestionDescriptionOption":"UseText"},"QuestionDescription":"Approval No 2574 \u00a0\u00a0 \u00a0 THE UNIVERSITY OF NEW SOUTH WALES \u00a0 PARTICIPANT INFORMATION STATEMENT \u00a0 The...","Choices":{"1":{"Display":"<span style=\"font-size:24px;\">I Agree<\/span>"}},"ChoiceOrder":["1"],"Validation":{"Settings":{"ForceResponse":"ON","ForceResponseType":"ON","Type":"None"}},"GradingData":[],"Language":[],"QuestionID":"QID16"}},{"SurveyID":"SV_0uK9vLwNZm9CWFL","Element":"SQ","PrimaryAttribute":"QID4","SecondaryAttribute":"Click to write the question text","TertiaryAttribute":null,"Payload":{"QuestionText":"Click to write the question text","DataExportTag":"Q4","QuestionType":"MC","Selector":"SAVR","SubSelector":"TX","Configuration":{"QuestionDescriptionOption":"UseText"},"QuestionDescription":"Click to write the question text","Choices":{"1":{"Display":"Click to write Choice 1"},"2":{"Display":"Click to write Choice 2"},"3":{"Display":"Click to write Choice 3"}},"ChoiceOrder":["1","2","3"],"Validation":{"Settings":{"ForceResponse":"OFF","ForceResponseType":"ON","Type":"None"}},"Language":[],"QuestionID":"QID4"}},{"SurveyID":"SV_0uK9vLwNZm9CWFL","Element":"SQ","PrimaryAttribute":"QID7","SecondaryAttribute":"Click to write the question text","TertiaryAttribute":null,"Payload":{"QuestionText":"Click to write the question text","DefaultChoices":false,"DataExportTag":"Instr.","QuestionID":"QID7","QuestionType":"DB","Selector":"TB","Configuration":{"QuestionDescriptionOption":"UseText"},"QuestionDescription":"Click to write the question text","ChoiceOrder":[],"Validation":{"Settings":{"Type":"None"}},"GradingData":[],"Language":[]}},{"SurveyID":"SV_0uK9vLwNZm9CWFL","Element":"SQ","PrimaryAttribute":"QID10","SecondaryAttribute":"Click to write the question text","TertiaryAttribute":null,"Payload":{"QuestionText":"Click to write the question text","DefaultChoices":false,"DataExportTag":"instr.","QuestionType":"DB","Selector":"TB","Configuration":{"QuestionDescriptionOption":"UseText"},"QuestionDescription":"Click to write the question text","ChoiceOrder":[],"Validation":{"Settings":{"Type":"None"}},"GradingData":[],"Language":[],"QuestionID":"QID10"}},{"SurveyID":"SV_0uK9vLwNZm9CWFL","Element":"RS","PrimaryAttribute":"RS_38XQPkk194qbYNf","SecondaryAttribute":"Default Response Set","TertiaryAttribute":null,"Payload":null},{"SurveyID":"SV_0uK9vLwNZm9CWFL","Element":"SQ","PrimaryAttribute":"QID3","SecondaryAttribute":"Gender:","TertiaryAttribute":null,"Payload":{"QuestionText":"Gender:","DataExportTag":"Q3","QuestionType":"MC","Selector":"SAVR","SubSelector":"TX","Configuration":{"QuestionDescriptionOption":"UseText"},"QuestionDescription":"Gender:","Choices":{"1":{"Display":"Male"},"2":{"Display":"Female"},"3":{"Display":"Other"}},"ChoiceOrder":[1,2,3],"Validation":{"Settings":{"ForceResponse":"ON","ForceResponseType":"ON","Type":"None"}},"Language":[],"QuestionID":"QID3"}},{"SurveyID":"SV_0uK9vLwNZm9CWFL","Element":"SQ","PrimaryAttribute":"QID1","SecondaryAttribute":"Imagine that you are at your local bar with some friends. After several drinks, the topic of conv...","TertiaryAttribute":null,"Payload":{"QuestionText":"<div>Imagine that you are at your local bar with some friends. After several drinks, the topic of conversation turns to politics. You are asked for your opinion on which of the following politicians will win the next Australian Federal Election.<\/div><div><br><\/div>One of your friends recommends that you say&nbsp;<strong>${lm:\/\/Field\/1}<\/strong>. You know that they follow Australian politics quite closely and know a lot about it; on the other hand, they&nbsp;have just had several alcoholic drinks.&nbsp;<div><br><\/div><div>In light of their recommendation, who do you think will win the election?<\/div><div><br><\/div>","DefaultChoices":false,"DataExportTag":"Aus","QuestionType":"MC","Selector":"SAVR","SubSelector":"TX","Configuration":{"QuestionDescriptionOption":"UseText"},"QuestionDescription":"Imagine that you are at your local bar with some friends. After several drinks, the topic of conv...","Choices":{"1":{"Display":"Gordon Brown"},"2":{"Display":"Bill Shorten"},"3":{"Display":"John Howard"},"4":{"Display":"Malcolm Turnbull"}},"ChoiceOrder":[1,2,3,4],"Validation":{"Settings":{"ForceResponse":"ON","ForceResponseType":"ON","Type":"None"}},"GradingData":[],"Language":[],"QuestionID":"QID1","Randomization":{"Advanced":null,"Type":"All","TotalRandSubset":""},"RecodeValues":{"1":"1","2":"2","3":"3","4":"4"}}},{"SurveyID":"SV_0uK9vLwNZm9CWFL","Element":"SQ","PrimaryAttribute":"QID11","SecondaryAttribute":"Imagine that you are at your local bar with some friends. After several drinks, the topic of conv...","TertiaryAttribute":null,"Payload":{"QuestionText":"<div>Imagine that you are at your local bar with some friends. After several drinks, the topic of conversation turns to sports. You are asked for your opinion on which of the following players is most likely to be in the top 5 draft picks for the upcoming 2016 NFL draft.&nbsp;<\/div><div><br><\/div><div>One of your friends recommends that you say&nbsp;<strong>${lm:\/\/Field\/1}<\/strong>. You know that they follow the NFL draft quite closely and know a lot about it; on the other hand, they&nbsp;have just had several alcoholic drinks.&nbsp;<\/div><div><br><\/div><div>In light of their recommendation, who do you think will be will be a top 5 draft pick?<\/div>","DataExportTag":"US","QuestionType":"MC","Selector":"SAVR","SubSelector":"TX","Configuration":{"QuestionDescriptionOption":"UseText"},"QuestionDescription":"Imagine that you are at your local bar with some friends. After several drinks, the topic of conv...","Choices":{"1":{"Display":"Laremy Tunsil"},"2":{"Display":"Von Miller"},"3":{"Display":"Russell Wilson"},"4":{"Display":"Jonathan Bullard"}},"ChoiceOrder":[1,2,3,4],"Randomization":{"Advanced":null,"Type":"All","TotalRandSubset":""},"Validation":{"Settings":{"ForceResponse":"ON","ForceResponseType":"ON","Type":"None"}},"Language":[],"QuestionID":"QID11"}},{"SurveyID":"SV_0uK9vLwNZm9CWFL","Element":"SQ","PrimaryAttribute":"QID9","SecondaryAttribute":"Imagine that you are playing a game of trivia with some friends at your local bar. You have been...","TertiaryAttribute":null,"Payload":{"QuestionText":"Imagine that you are playing a game of trivia with some friends at your local bar. You have been playing for some time, and you have all had several alcoholic drinks. In this round, you are asked to make some predictions about future events that haven't happened yet. You will need to choose the option that you think is the most plausible outcome.&nbsp;<div><br><\/div><div>Remember, this is a game of trivia, so you can't look up any information on the internet!&nbsp;<\/div>","DefaultChoices":false,"DataExportTag":"Q9","QuestionType":"DB","Selector":"TB","Configuration":{"QuestionDescriptionOption":"UseText"},"QuestionDescription":"Imagine that you are playing a game of trivia with some friends at your local bar. You have been...","ChoiceOrder":[],"Validation":{"Settings":{"Type":"None"}},"GradingData":[],"Language":[],"QuestionID":"QID9"}},{"SurveyID":"SV_0uK9vLwNZm9CWFL","Element":"SQ","PrimaryAttribute":"QID13","SecondaryAttribute":"Thanks for accepting this HIT. We're interested in how people solve everyday reasoning problems i...","TertiaryAttribute":null,"Payload":{"QuestionText":"<div><span style=\"color: rgb(34, 34, 34); font-family: arial, sans-serif; font-size: 12.8px;\">Thanks for accepting this HIT.<\/span><\/div><span style=\"color: rgb(34, 34, 34); font-family: arial, sans-serif; font-size: 12.8px;\"><div><span style=\"color: rgb(34, 34, 34); font-family: arial, sans-serif; font-size: 12.8px;\"><br><\/span><\/div>We're interested in how people solve everyday reasoning problems in which you have to rely on&nbsp;your own knowledge of the world but might also want to pay attention to the advice of other people who might have knowledge that you don't.<\/span><div><span style=\"color: rgb(34, 34, 34); font-family: arial, sans-serif; font-size: 12.8px;\"><br><\/span><\/div><div>We ask that you please don't do any research on the internet before answering the following questions.&nbsp;<br><\/div><div><br><\/div>","DefaultChoices":false,"DataExportTag":"Q13","QuestionType":"DB","Selector":"TB","Configuration":{"QuestionDescriptionOption":"UseText"},"QuestionDescription":"Thanks for accepting this HIT. We're interested in how people solve everyday reasoning problems i...","ChoiceOrder":[],"Validation":{"Settings":{"Type":"None"}},"GradingData":[],"Language":[],"QuestionID":"QID13"}},{"SurveyID":"SV_0uK9vLwNZm9CWFL","Element":"SQ","PrimaryAttribute":"QID15","SecondaryAttribute":"Thanks for accepting this HIT. We're interested in how people solve everyday reasoning problems i...","TertiaryAttribute":null,"Payload":{"QuestionText":"Thanks for accepting this HIT.<div><br>We're interested in how people solve everyday reasoning problems in which you have to rely on&nbsp;your own knowledge of the world but might also want to pay attention to the advice of other people who might have knowledge that you don't.<br><br>In this survey, you will be asked 2 questions relating to the outcomes of upcoming events. We ask that you please do not do any research on the internet, and only answer according to your current knowledge.&nbsp;<br><br><\/div><div>First we will ask for your formal consent to participate in the experiment, followed by some basic demographics, and then you will receive the 2 questions.<\/div>","DefaultChoices":false,"DataExportTag":"Q17","QuestionType":"DB","Selector":"TB","Configuration":{"QuestionDescriptionOption":"UseText"},"QuestionDescription":"Thanks for accepting this HIT. We're interested in how people solve everyday reasoning problems i...","ChoiceOrder":[],"Validation":{"Settings":{"Type":"None"}},"GradingData":[],"Language":[],"QuestionID":"QID15"}},{"SurveyID":"SV_0uK9vLwNZm9CWFL","Element":"SQ","PrimaryAttribute":"QID14","SecondaryAttribute":"Welcome to our study. \u00a0 Before we begin, please enter your mTurk worker ID in the field below. We..","TertiaryAttribute":null,"Payload":{"QuestionText":"Welcome to our study.\n<div>&nbsp;<\/div>\n\n<div>Before we begin, please enter your mTurk worker ID in the field below.<\/div>\n\n<div><br><\/div><div>We take this ID to help us verify that you have started the study, in the rare case that something goes wrong, and we may also check your ID against our database to see whether you have completed a similar survey previously.<\/div><div><br><\/div><div>If you have completed a similar survey already, you will not be able to continue with this survey. This does NOT mean that you will be rejected, or suffer any consequences on mTurk. You will simply be told to close the window and move on.&nbsp;<\/div><div><br><\/div><div>Worker ID:<\/div>","DefaultChoices":{"TEXT":{"Text":"${e:\/\/Field\/MID}"}},"DataExportTag":"Q15","QuestionType":"TE","Selector":"SL","Configuration":{"QuestionDescriptionOption":"UseText"},"QuestionDescription":"Welcome to our study. \u00a0 Before we begin, please enter your mTurk worker ID in the field below. We...","Validation":{"Settings":{"ForceResponse":"ON","ForceResponseType":"ON","Type":"None"}},"GradingData":[],"Language":[],"QuestionID":"QID14"}},{"SurveyID":"SV_0uK9vLwNZm9CWFL","Element":"SQ","PrimaryAttribute":"QID12","SecondaryAttribute":"Welcome to our study. \u00a0 Before we begin, please verify that the ID in the field below is your cor..","TertiaryAttribute":null,"Payload":{"QuestionText":"Welcome to our study.\n<div>&nbsp;<\/div>\n\n<div>Before we begin, please verify that the ID in the field below is your correct Amazon Mechanical Turk ID.<\/div>\n\n<div><br><\/div><div>If it is your ID, please click on the arrow below.&nbsp;<\/div>\n\n<div><br><\/div><div>If it is not your ID, or no ID is displayed, please enter your ID and then click on the arrow below.<\/div>","DefaultChoices":{"TEXT":{"Text":"${e:\/\/Field\/MID}"}},"DataExportTag":"Q13","QuestionType":"TE","Selector":"SL","Configuration":{"QuestionDescriptionOption":"UseText"},"QuestionDescription":"Welcome to our study. \u00a0 Before we begin, please verify that the ID in the field below is your cor...","Validation":{"Settings":{"ForceResponse":"ON","ForceResponseType":"ON","Type":"None"}},"GradingData":[],"Language":[],"QuestionID":"QID12"}},{"SurveyID":"SV_0uK9vLwNZm9CWFL","Element":"SQ","PrimaryAttribute":"QID6","SecondaryAttribute":"Which city do you live in? ","TertiaryAttribute":null,"Payload":{"QuestionText":"Which city do you live in?&nbsp;","DefaultChoices":false,"DataExportTag":"Q6","QuestionID":"QID6","QuestionType":"TE","Selector":"SL","Configuration":{"QuestionDescriptionOption":"UseText"},"QuestionDescription":"Which city do you live in? ","Validation":{"Settings":{"ForceResponse":"OFF","ForceResponseType":"ON","Type":"None"}},"GradingData":[],"Language":[]}},{"SurveyID":"SV_0uK9vLwNZm9CWFL","Element":"SQ","PrimaryAttribute":"QID8","SecondaryAttribute":"Which country do you currently live in? ","TertiaryAttribute":null,"Payload":{"QuestionText":"Which country do you currently live in?&nbsp;","DefaultChoices":false,"DataExportTag":"Q8","QuestionID":"QID8","QuestionType":"TE","Selector":"SL","Configuration":{"QuestionDescriptionOption":"UseText"},"QuestionDescription":"Which country do you currently live in? ","Randomization":{"Advanced":null,"Type":"None","TotalRandSubset":""},"Validation":{"Settings":{"ForceResponse":"ON","ForceResponseType":"ON","Type":"None","ValidDateType":"DateWithFormat","ValidPhoneType":"ValidUSPhone","ValidZipType":"ValidUSZip"}},"GradingData":[],"Language":[]}},{"SurveyID":"SV_0uK9vLwNZm9CWFL","Element":"SQ","PrimaryAttribute":"QID2","SecondaryAttribute":"Who will win the US Republican Party nomination for the 2016 Presidential election? \u00a0 You know th..","TertiaryAttribute":null,"Payload":{"QuestionText":"Who will win the US Republican Party nomination for the 2016 Presidential election?\n<div>&nbsp;<\/div>\n\n<div>You know that one of your friends is an expert on US politics, and they recommend that you select <strong>${lm:\/\/Field\/2}<\/strong>. Remember, your friend has had several alcoholic drinks before giving you their recommendation.<\/div>","DataExportTag":"US","QuestionType":"MC","Selector":"SAVR","SubSelector":"TX","Configuration":{"QuestionDescriptionOption":"UseText"},"QuestionDescription":"Who will win the US Republican Party nomination for the 2016 Presidential election? \u00a0 You know th...","Choices":{"1":{"Display":"John Kasich"},"2":{"Display":"Ted Cruz"},"3":{"Display":"Donald Trump"},"4":{"Display":"Jeb Bush"}},"ChoiceOrder":[1,2,3,4],"Validation":{"Settings":{"ForceResponse":"ON","ForceResponseType":"ON","Type":"None"}},"Language":[],"QuestionID":"QID2","Randomization":{"Advanced":null,"Type":"All","TotalRandSubset":""}}}]}