{"SurveyEntry":{"SurveyID":"SV_8Hbe2kHCKOJUMm1","SurveyName":"Priors","SurveyDescription":null,"SurveyOwnerID":"UR_ddqwgaHYRfQ4Nnu","SurveyBrandID":"unswpsy","DivisionID":null,"SurveyLanguage":"EN","SurveyActiveResponseSet":"RS_6usvhrwtfLl252R","SurveyStatus":"Active","SurveyStartDate":"0000-00-00 00:00:00","SurveyExpirationDate":"0000-00-00 00:00:00","SurveyCreationDate":"2016-02-18 05:36:11","CreatorID":"UR_ddqwgaHYRfQ4Nnu","LastModified":"2016-03-03 20:06:11","LastAccessed":"0000-00-00 00:00:00","LastActivated":"2016-03-03 15:51:31","Deleted":null},"SurveyElements":[{"SurveyID":"SV_8Hbe2kHCKOJUMm1","Element":"BL","PrimaryAttribute":"Survey Blocks","SecondaryAttribute":null,"TertiaryAttribute":null,"Payload":[{"Type":"Default","Description":"Demos","ID":"BL_1HpWrMGqSjQQ5eJ","BlockElements":[{"Type":"Question","QuestionID":"QID1"},{"Type":"Question","QuestionID":"QID2"},{"Type":"Question","QuestionID":"QID6"}]},{"Type":"Trash","Description":"Trash \/ Unused Questions","ID":"BL_09z16fZKOxSzXs9","BlockElements":[{"Type":"Question","QuestionID":"QID3"},{"Type":"Page Break"},{"Type":"Question","QuestionID":"QID9"}]},{"Type":"Standard","SubType":"","Description":"Aus","ID":"BL_eDsMhWO9LOiunVb","BlockElements":[{"Type":"Question","QuestionID":"QID4"}],"Options":{"BlockLocking":"false","RandomizeQuestions":"false"}},{"Type":"Standard","SubType":"","Description":"US","ID":"BL_bOcqhvu7vdBT6FD","BlockElements":[{"Type":"Question","QuestionID":"QID5"}]},{"Type":"Standard","SubType":"","Description":"Block 3","ID":"BL_d0ttOGUhs3WEinb","BlockElements":[{"Type":"Question","QuestionID":"QID7"}]},{"Type":"Standard","SubType":"","Description":"Instructions","ID":"BL_aXIEfsoGb9rT0fH","BlockElements":[{"Type":"Question","QuestionID":"QID8"}]},{"Type":"Standard","SubType":"","Description":"Block 5","ID":"BL_dcVHwJ8jwnWfj9z","BlockElements":[{"Type":"Question","QuestionID":"QID10"}]}]},{"SurveyID":"SV_8Hbe2kHCKOJUMm1","Element":"BR","PrimaryAttribute":"FL_6","SecondaryAttribute":null,"TertiaryAttribute":null,"Payload":{"FL_3":1,"FL_5":2,"FL_9":1}},{"SurveyID":"SV_8Hbe2kHCKOJUMm1","Element":"FL","PrimaryAttribute":"Survey Flow","SecondaryAttribute":null,"TertiaryAttribute":null,"Payload":{"Type":"Root","FlowID":"FL_1","Flow":[{"Type":"EmbeddedData","FlowID":"FL_10","EmbeddedData":[{"Description":"MID","Type":"Recipient","Field":"MID","VariableType":"Nominal"}]},{"Type":"EmbeddedData","FlowID":"FL_11","EmbeddedData":[{"Description":"Excluded","Type":"Custom","Field":"Excluded","VariableType":"Nominal","Value":"A3HBMPB74FWI1,ACDWBEBOTM2JW,AIOF4ZQQ9UDZ4,A2BZJAUH0XPO54,A1RT9SQ9D9DLOV,A2DZJ4VBQ558BR,A2O5OJXCUFQ3FV,A3I40B0FATY8VH,A3EPDU2O2JMR50,A2SWQM5X54P1O5,A14MOF7D5EUMH1,A3NENUY6H263YT,AJVGW8ZY3SWE4,AVFHRN0S32V2H,A26FQ2XNQB9RQG,AOTCPS24JM5DQ,AIEKCWYZTS41V,A3TGY06F7XQ9LL,A3E9A9O3CLMEW,A27TJ5U1Z6PCHL,A2R02DYCDLY75U,A2CF2BD4Q0ZDJN,A3NS1DN6J7Z3EU,A18FK1XR73EQ2W,AK3H5QRAROFGP,A19TL7AJ0FB1JG,A1VZSFHTU51JP0,AW9983V6TUGF8"}]},{"Type":"Branch","FlowID":"FL_12","Description":"New Branch","BranchLogic":{"0":{"0":{"LogicType":"EmbeddedField","LeftOperand":"MID","Operator":"Empty","_HiddenExpression":false,"Type":"Expression","Description":"<span class=\"ConjDesc\">If<\/span> <span class=\"QuestionDesc\"><\/span> <span class=\"LeftOpDesc\">MID<\/span> Is <span class=\"OpDesc\">Empty<\/span> "},"Type":"If"},"Type":"BooleanExpression"},"Flow":[{"Type":"Block","ID":"BL_d0ttOGUhs3WEinb","FlowID":"FL_13"}]},{"Type":"Branch","FlowID":"FL_14","Description":"New Branch","BranchLogic":{"0":{"0":{"LogicType":"EmbeddedField","LeftOperand":"Excluded","Operator":"Contains","RightOperand":"${e:\/\/Field\/MID}","_HiddenExpression":false,"Type":"Expression","Description":"<span class=\"ConjDesc\">If<\/span> <span class=\"QuestionDesc\"><\/span> <span class=\"LeftOpDesc\">Excluded<\/span> Is <span class=\"OpDesc\">Contains<\/span> <span class=\"RightOpDesc\"> ${e:\/\/Field\/MID} <\/span>"},"1":{"LogicType":"EmbeddedField","LeftOperand":"Excluded","Operator":"Contains","RightOperand":"${q:\/\/QID7\/ChoiceTextEntryValue}","_HiddenExpression":false,"Type":"Expression","Description":"<span class=\"ConjDesc\">Or<\/span> <span class=\"QuestionDesc\"><\/span> <span class=\"LeftOpDesc\">Excluded<\/span> Is <span class=\"OpDesc\">Contains<\/span> <span class=\"RightOpDesc\"> ${q:\/\/QID7\/ChoiceTextEntryValue} <\/span>","Conjuction":"Or"},"Type":"If"},"Type":"BooleanExpression"},"Flow":[{"Type":"EndSurvey","FlowID":"FL_15","EndingType":"Advanced","Options":{"Advanced":"true","SurveyTermination":"DisplayMessage","EOSMessageLibrary":"UR_0ljXlfxL5CPsyXj","EOSMessage":"MS_etxa3QAtvtvd1Ot"}}]},{"Type":"WebService","FlowID":"FL_8","URL":"http:\/\/reporting.qualtrics.com\/projects\/randomNumGen.php","RequestParams":[{"key":"min","value":"11111"},{"key":"max","value":"99999"}],"ResponseMap":[{"key":"random","value":"mturkcode"}],"FireAndForget":false},{"Type":"Standard","ID":"BL_aXIEfsoGb9rT0fH","FlowID":"FL_18"},{"Type":"Standard","ID":"BL_dcVHwJ8jwnWfj9z","FlowID":"FL_19"},{"Type":"Block","ID":"BL_1HpWrMGqSjQQ5eJ","FlowID":"FL_2"},{"Type":"Block","ID":"BL_eDsMhWO9LOiunVb","FlowID":"FL_16"},{"Type":"Block","ID":"BL_bOcqhvu7vdBT6FD","FlowID":"FL_17"},{"Type":"EndSurvey","FlowID":"FL_4","EndingType":"Advanced","Options":{"Advanced":"true","SurveyTermination":"DisplayMessage","EOSMessageLibrary":"UR_0ljXlfxL5CPsyXj","EOSMessage":"MS_2nN30ifhRGOKwrH"}}],"Properties":{"Count":19}}},{"SurveyID":"SV_8Hbe2kHCKOJUMm1","Element":"SO","PrimaryAttribute":"Survey Options","SecondaryAttribute":null,"TertiaryAttribute":null,"Payload":{"BackButton":"false","SaveAndContinue":"true","SurveyProtection":"PublicSurvey","BallotBoxStuffingPrevention":"false","NoIndex":"Yes","SurveyExpiration":"None","SurveyTermination":"DefaultMessage","Header":"","Footer":"","ProgressBarDisplay":"VerboseText","PartialData":"+1 week","ValidationMessage":"","PreviousButton":"  <<  ","NextButton":"  >>  ","SkinLibrary":"unswpsy","SkinType":"MQ","Skin":"unswpsy","NewScoring":1,"libraryId":"","nextButtonMid":"","previousButtonMid":"","headerMid":"","footerMid":"","QuestionsPerPage":"","PageTransition":"None","ExternalCSS":null,"CustomStyles":{"errorStyles":{"selector":".Skin .ValidationError","styles":{"color":null,"backgroundColor":null,"borderColor":null}},"errorStylesBG":{"selector":".Skin .HeaderValidationError, .Skin .HeaderValidationError li a","styles":{"color":null,"backgroundColor":null}},"pageStyles":{"selector":"#SurveyEngineBody","styles":{"backgroundColor":null}},"textStyles":{"selector":".SkinInner","styles":{"fontFamily":null,"fontSize":null,"fontWeight":null,"fontStyle":null,"textDecoration":null,"color":null}},"questionStyles":{"selector":".Skin .QuestionText","styles":{"fontFamily":null,"fontSize":null,"fontWeight":null,"fontStyle":null,"textDecoration":null,"color":null}},"choiceStyles":{"selector":".Skin .horizontalbar th.ylabel, .Skin .Matrix table td, .Skin .Matrix table th, .Skin .Matrix table thead th, .Skin .Matrix table thead td, .Skin .PGR .DragAndDrop .Items label, .Skin .QuestionBody ul.ChoiceStructure, .Skin .PGR .DragAndDrop .Group ul, .Skin .PGR .DragAndDrop .Group h2, .Skin .PGR .DragAndDrop .Items ul, .Skin .PGR .DragAndDrop .Items h2, .Skin .DD .QuestionBody table.ChoiceStructure, .Skin .PGR .DragAndDrop .NoColumns td.groupsContainerTd div ul, .Skin .PGR .DragAndDrop .NoColumns td.groupsContainerTd div h2, .Skin .SBS thead th, .Skin .SBS td, .Skin .SBS .Answers td, .Skin .SBS .Answers th, .SBS table.ChoiceStructure, .Skin .horizontalbar thead table.LabelDescriptions tr td, .Skin .horizontalbar thead tr td.NotApplicable, .QuestionBody th, .Skin .QuestionBody .MC .MAVR label, .Skin .QuestionBody .MC .SAVR label, .Skin .SBS thead th, .Skin .SBS td, .Skin .RO .DND ul li, .Skin .reg, .SkinInner .ChoiceStructure, .Skin thead, .Skin .GAP .ChoiceStructure thead th, .Skin .GAP .ChoiceStructure .c4, .Skin .GAP .ChoiceStructure th, .Skin .GAP .ChoiceStructure .WhyText, .SkinInner .ChoiceStructure .LightBG, .Skin .QuestionOuter.Highlight .Inner .reg, .Skin .QuestionOuter.Highlight .Inner .alt, .Skin .QuestionOuter.Highlight .Inner .ReadableAlt       ","styles":{"fontFamily":null,"fontSize":null,"fontWeight":null,"fontStyle":null,"textDecoration":null,"color":null}},"headerStyles":{"selector":".Skin div#Header","styles":{"color":null}},"footerStyles":{"selector":".Skin #Footer","styles":{"color":null}},"questionSeparatorStyles":{"selector":".Skin .Separator","styles":{"backgroundColor":null,"display":"block"}},"highlightStyles":{"selector":".Skin .QuestionOuter.Highlight .Inner, .Skin .QuestionOuter.Highlight .Inner .reg, .Skin .QuestionOuter.Highlight .Inner .alt, .Skin .QuestionOuter.Highlight .Inner .ReadableAlt","styles":{"backgroundColor":null}},"highlightStylesAlt":{"selector":".Skin .QuestionOuter.Highlight .Inner .ReadableAlt, .Skin .QuestionOuter.Highlight .Inner .LightBG","styles":{"backgroundColor":null}},"textEntryStyles":{"selector":".Skin select, .Skin .InputText","styles":{"color":null}},"borderStyles":{"selector":".Skin .CS .horizontalbar table.sliderGrid tr.xlabel th, .Skin .CS .horizontalbar .ylabel, .Skin .CS .horizontalbar table.sliderGrid tr td.value, .Skin .Slider .horizontalbar table.sliderGrid tr.xlabel th, .Skin .BorderColor, .Skin .DarkBorderColor, .Skin .Slider .horizontalbar table.sliderGrid tr td.value, .Skin thead, .Skin .GAP .ChoiceStructure thead th  ","styles":{"borderColor":null}},"altRowStyles":{"selector":".Skin .ReadableAlt, .Skin .LightBG","styles":{"backgroundColor":null}},"customCSS":null},"HighlightQuestions":"off","ProtectSelectionIds":true}},{"SurveyID":"SV_8Hbe2kHCKOJUMm1","Element":"SCO","PrimaryAttribute":"Scoring","SecondaryAttribute":null,"TertiaryAttribute":null,"Payload":{"ScoringCategories":[],"ScoringCategoryGroups":[],"ScoringSummaryCategory":null,"ScoringSummaryAfterQuestions":0,"ScoringSummaryAfterSurvey":0,"DefaultScoringCategory":null,"AutoScoringCategory":null}},{"SurveyID":"SV_8Hbe2kHCKOJUMm1","Element":"STAT","PrimaryAttribute":"Survey Statistics","SecondaryAttribute":null,"TertiaryAttribute":null,"Payload":{"MobileCompatible":false,"ID":"Survey Statistics"}},{"SurveyID":"SV_8Hbe2kHCKOJUMm1","Element":"PROJ","PrimaryAttribute":"CORE","SecondaryAttribute":"1.0.0","TertiaryAttribute":null,"Payload":null},{"SurveyID":"SV_8Hbe2kHCKOJUMm1","Element":"QC","PrimaryAttribute":"Survey Question Count","SecondaryAttribute":"10","TertiaryAttribute":null,"Payload":null},{"SurveyID":"SV_8Hbe2kHCKOJUMm1","Element":"SQ","PrimaryAttribute":"QID2","SecondaryAttribute":"Age:","TertiaryAttribute":null,"Payload":{"QuestionText":"Age:","DefaultChoices":false,"DataExportTag":"Q2","QuestionType":"TE","Selector":"SL","Configuration":{"QuestionDescriptionOption":"UseText"},"QuestionDescription":"Age:","Validation":{"Settings":{"ForceResponse":"ON","ForceResponseType":"ON","Type":"ContentType","ContentType":"ValidNumber","ValidDateType":"DateWithFormat","ValidPhoneType":"ValidUSPhone","ValidZipType":"ValidUSZip"}},"GradingData":[],"Language":[],"QuestionID":"QID2"}},{"SurveyID":"SV_8Hbe2kHCKOJUMm1","Element":"SQ","PrimaryAttribute":"QID10","SecondaryAttribute":"Approval No 2574 \u00a0\u00a0 \u00a0 THE UNIVERSITY OF NEW SOUTH WALES \u00a0 PARTICIPANT INFORMATION STATEMENT \u00a0 T","TertiaryAttribute":null,"Payload":{"QuestionText":"<p><span lang=\"EN-US\" style=\"font-size:10.0pt;\nfont-family:&quot;Times New Roman&quot;,serif;mso-fareast-font-family:&quot;Times New Roman&quot;;\nmso-ansi-language:EN-US\">Approval No <strong>2574<\/strong><o:p><\/o:p><\/span><\/p>\n\n<p><span lang=\"EN-US\" style=\"font-size:10.0pt;\nfont-family:&quot;Times New Roman&quot;,serif;mso-fareast-font-family:&quot;Times New Roman&quot;;\nmso-ansi-language:EN-US\">&nbsp;<em>&nbsp; <\/em><strong><o:p><\/o:p><\/strong><\/span><\/p>\n\n<p><strong><span lang=\"EN-US\" style=\"font-size:10.0pt;font-family:&quot;Times New Roman&quot;,serif;mso-fareast-font-family:\n&quot;Times New Roman&quot;;mso-ansi-language:EN-US\">&nbsp;<\/span><\/strong><\/p>\n\n<p><span lang=\"EN-US\" style=\"font-size:10.0pt;\nfont-family:&quot;Times New Roman&quot;,serif;mso-fareast-font-family:&quot;Times New Roman&quot;;\nmso-ansi-language:EN-US\">THE UNIVERSITY OF NEW SOUTH WALES<em><o:p><\/o:p><\/em><\/span><\/p>\n\n<p><strong><em><span lang=\"EN-US\" style=\"font-size:10.0pt;font-family:&quot;Times New Roman&quot;,serif;\nmso-fareast-font-family:&quot;Times New Roman&quot;;mso-ansi-language:EN-US\">&nbsp;<\/span><\/em><\/strong><\/p>\n\n<p><strong><span style=\"font-size:12.0pt;mso-bidi-font-size:10.0pt;font-family:&quot;Times New Roman&quot;,serif;\nmso-fareast-font-family:&quot;Times New Roman&quot;\">PARTICIPANT INFORMATION STATEMENT<o:p><\/o:p><\/span><\/strong><\/p>\n\n<p><u><span lang=\"EN-US\" style=\"font-size:\n10.0pt;font-family:&quot;Times New Roman&quot;,serif;mso-fareast-font-family:&quot;Times New Roman&quot;;\nmso-ansi-language:EN-US\">&nbsp;<\/span><\/u><\/p>\n\n<p><span lang=\"EN-US\" style=\"font-size:10.0pt;\nfont-family:&quot;Times New Roman&quot;,serif;mso-fareast-font-family:&quot;Times New Roman&quot;;\nmso-ansi-language:EN-US\">Theories of inductive reasoning<u><o:p><\/o:p><\/u><\/span><\/p>\n\n<p><u><span lang=\"EN-US\" style=\"font-size:10.0pt;font-family:&quot;Times New Roman&quot;,serif;\nmso-fareast-font-family:&quot;Times New Roman&quot;;mso-ansi-language:EN-US\">&nbsp;<\/span><\/u><\/p>\n\n<p><strong><span lang=\"EN-US\" style=\"font-size:10.0pt;\nfont-family:&quot;Times New Roman&quot;,serif;mso-fareast-font-family:&quot;Times New Roman&quot;;\nmso-ansi-language:EN-US\">Participant Selection and Purpose of Study<\/span><\/strong><u><span lang=\"EN-US\" style=\"font-size:10.0pt;font-family:&quot;Times New Roman&quot;,serif;\nmso-fareast-font-family:&quot;Times New Roman&quot;;mso-ansi-language:EN-US\"><o:p><\/o:p><\/span><\/u><\/p>\n\n<p><span lang=\"EN-US\" style=\"font-size:10.0pt;\nfont-family:&quot;Times New Roman&quot;,serif;mso-fareast-font-family:&quot;Times New Roman&quot;;\nmso-ansi-language:EN-US\">You are invited to participate in a study of how human reasoning works.&nbsp; We hope to learn what information people find most useful in guiding their judgments about the world. You were selected as a possible participant in this study because you accepted our HIT on Amazon Mechanical Turk. <o:p><\/o:p><\/span><\/p>\n\n<p><span lang=\"EN-US\" style=\"font-size:10.0pt;\nfont-family:&quot;Times New Roman&quot;,serif;mso-fareast-font-family:&quot;Times New Roman&quot;;\nmso-ansi-language:EN-US\">&nbsp;<\/span><\/p>\n\n<p><strong><span lang=\"EN-US\" style=\"font-size:10.0pt;\nfont-family:&quot;Times New Roman&quot;,serif;mso-fareast-font-family:&quot;Times New Roman&quot;;\nmso-ansi-language:EN-US\">Description of Study and Risks<\/span><\/strong><span lang=\"EN-US\" style=\"font-size:10.0pt;font-family:&quot;Times New Roman&quot;,serif;\nmso-fareast-font-family:&quot;Times New Roman&quot;;mso-ansi-language:EN-US\"><o:p><\/o:p><\/span><\/p>\n\n<p><span lang=\"EN-US\" style=\"font-size:10.0pt;\nfont-family:&quot;Times New Roman&quot;,serif;mso-fareast-font-family:&quot;Times New Roman&quot;;\nmso-ansi-language:EN-US\">If you decide to participate, we will present you with some reasoning problems in which you need to use the (possibly incomplete) information to make judgments (or guesses) about the truth of different propositions. Detailed instructions will be provided once the task begins. The exact number of problems you need to solve depends on which version of the task the computer assigns you to, but the on-screen display will inform you of how much further you have to go. The task should take approximately 5 minutes to complete including reading time.<o:p><\/o:p><\/span><\/p>\n\n<p><span lang=\"EN-US\" style=\"font-size:10.0pt;\nfont-family:&quot;Times New Roman&quot;,serif;mso-fareast-font-family:&quot;Times New Roman&quot;;\nmso-ansi-language:EN-US\">&nbsp;<\/span><\/p>\n\n<p><span lang=\"EN-US\" style=\"font-size:10.0pt;\nfont-family:&quot;Times New Roman&quot;,serif;mso-fareast-font-family:&quot;Times New Roman&quot;;\nmso-ansi-language:EN-US\">No discomforts or inconveniences besides some boredom are reasonably expected. No risks are reasonably expected as a result of your participation in this study. We cannot and do not guarantee or promise that you will receive any benefits from this study. <o:p><\/o:p><\/span><\/p>\n\n<p><span lang=\"EN-US\" style=\"font-size:10.0pt;\nfont-family:&quot;Times New Roman&quot;,serif;mso-fareast-font-family:&quot;Times New Roman&quot;;\nmso-ansi-language:EN-US\">&nbsp;<\/span><\/p>\n\n<p><strong><span lang=\"EN-US\" style=\"font-size:10.0pt;\nfont-family:&quot;Times New Roman&quot;,serif;mso-fareast-font-family:&quot;Times New Roman&quot;;\nmso-ansi-language:EN-US\">Confidentiality and Disclosure of Information<\/span><\/strong><span lang=\"EN-US\" style=\"font-size:10.0pt;font-family:&quot;Times New Roman&quot;,serif;\nmso-fareast-font-family:&quot;Times New Roman&quot;;mso-ansi-language:EN-US\"><o:p><\/o:p><\/span><\/p>\n\n<p><span lang=\"EN-US\" style=\"font-size:10.0pt;\nfont-family:&quot;Times New Roman&quot;,serif;mso-fareast-font-family:&quot;Times New Roman&quot;;\nmso-ansi-language:EN-US\">Any information that is obtained in connection with this study and that can be identified with you will remain confidential and will be disclosed only with your permission or except as required by law.&nbsp; If you give us your permission by clicking on the &ldquo;I agree&rdquo; button below, we plan to publish the results in academic journals and discuss the results at scientific conferences<em>.<\/em> In any publication, information will be provided in such a way that you cannot be identified.<o:p><\/o:p><\/span><\/p>\n\n<p><span lang=\"EN-US\" style=\"font-size:10.0pt;\nfont-family:&quot;Times New Roman&quot;,serif;mso-fareast-font-family:&quot;Times New Roman&quot;;\nmso-ansi-language:EN-US\">&nbsp;<\/span><\/p>\n\n<p><strong><span lang=\"EN-US\" style=\"font-size:10.0pt;\nfont-family:&quot;Times New Roman&quot;,serif;mso-fareast-font-family:&quot;Times New Roman&quot;;\nmso-ansi-language:EN-US\">Recompense to participants<o:p><\/o:p><\/span><\/strong><\/p>\n\n<p><span lang=\"EN-US\" style=\"font-size:10.0pt;font-family:&quot;TimesNew Roman&quot;;\nmso-fareast-font-family:&quot;Times New Roman&quot;;mso-hansi-font-family:&quot;TimesNew Roman&quot;;\nmso-bidi-font-family:&quot;Times New Roman&quot;;mso-ansi-language:EN-US\">As stated on the Amazon Mechanical Turk page, <u>the pay for completing this HIT is US$0.85<\/u>.<o:p><\/o:p><\/span><\/p>\n\n<p><em><span lang=\"EN-US\" style=\"font-size:10.0pt;font-family:&quot;Times New Roman&quot;,serif;\nmso-fareast-font-family:&quot;Times New Roman&quot;;mso-ansi-language:EN-US\">&nbsp;<\/span><\/em><\/p>\n\n<p><strong><span lang=\"EN-US\" style=\"font-size:10.0pt;\nfont-family:&quot;Times New Roman&quot;,serif;mso-fareast-font-family:&quot;Times New Roman&quot;;\nmso-ansi-language:EN-US\">Your consent<\/span><\/strong><em><span lang=\"EN-US\" style=\"font-size:10.0pt;font-family:&quot;Times New Roman&quot;,serif;\nmso-fareast-font-family:&quot;Times New Roman&quot;;mso-ansi-language:EN-US\"><o:p><\/o:p><\/span><\/em><\/p>\n\n<p><span lang=\"EN-US\" style=\"font-size:10.0pt;\nfont-family:&quot;Times New Roman&quot;,serif;mso-fareast-font-family:&quot;Times New Roman&quot;;\nmso-ansi-language:EN-US\">Your decision whether or not to participate will not prejudice your future relations with The University of New South Wales<em>.<\/em>&nbsp; If you decide to participate, you are free to withdraw your consent and to discontinue participation at any time without prejudice.<o:p><\/o:p><\/span><\/p>\n\n<p><span lang=\"EN-US\" style=\"font-size:10.0pt;\nfont-family:&quot;Times New Roman&quot;,serif;mso-fareast-font-family:&quot;Times New Roman&quot;;\nmso-ansi-language:EN-US\">&nbsp;<\/span><\/p>\n\n<p><strong><span lang=\"EN-US\" style=\"font-size:10.0pt;font-family:&quot;Times New Roman&quot;,serif;\nmso-fareast-font-family:&quot;Times New Roman&quot;;mso-ansi-language:EN-US\">Inquiries<\/span><\/strong><span lang=\"EN-US\" style=\"font-size:10.0pt;font-family:&quot;Times New Roman&quot;,serif;\nmso-fareast-font-family:&quot;Times New Roman&quot;;mso-ansi-language:EN-US\"><o:p><\/o:p><\/span><\/p>\n\n<p><span lang=\"EN-US\" style=\"font-size:10.0pt;\nfont-family:&quot;Times New Roman&quot;,serif;mso-fareast-font-family:&quot;Times New Roman&quot;;\nmso-ansi-language:EN-US\">&nbsp;<\/span><\/p>\n\n<p><span lang=\"EN-US\" style=\"font-size:10.0pt;\nfont-family:&quot;Times New Roman&quot;,serif;mso-fareast-font-family:&quot;Times New Roman&quot;;\nmso-ansi-language:EN-US\">If you have any questions or concerns following your participation, Associate Professor Daniel Navarro (+61 4 2148 8402, email. dan.navarro@unsw.edu.au) will be happy to address them. Complaints about the study may be directed to UNSW&rsquo;s <\/span><span style=\"font-size:10.0pt;font-family:&quot;Times New Roman&quot;,serif;mso-fareast-font-family:\n&quot;Times New Roman&quot;\">Research Ethics &amp; Compliance Support<\/span><span lang=\"EN-US\" style=\"font-size:10.0pt;font-family:&quot;Times New Roman&quot;,serif;\nmso-fareast-font-family:&quot;Times New Roman&quot;;mso-ansi-language:EN-US\">, (phone +61 2 <\/span><span style=\"font-size: 10pt; font-family: 'Times New Roman', serif; color: rgb(48, 48, 48); background-image: initial; background-attachment: initial; background-size: initial; background-origin: initial; background-clip: initial; background-position: initial; background-repeat: initial;\">9385 4235 or +61 2<\/span><span style=\"font-family: 'Times New Roman', serif; color: rgb(48, 48, 48); background-image: initial; background-attachment: initial; background-size: initial; background-origin: initial; background-clip: initial; background-position: initial; background-repeat: initial;\"> <\/span><span style=\"font-size: 10pt; font-family: 'Times New Roman', serif; color: rgb(48, 48, 48); background-image: initial; background-attachment: initial; background-size: initial; background-origin: initial; background-clip: initial; background-position: initial; background-repeat: initial;\">9385 4958, email.<\/span><span style=\"font-family:\n&quot;Times New Roman&quot;,serif\"> <\/span><span style=\"font-size: 10pt; font-family: 'Times New Roman', serif; color: rgb(48, 48, 48); background-image: initial; background-attachment: initial; background-size: initial; background-origin: initial; background-clip: initial; background-position: initial; background-repeat: initial;\">humanethics@unsw.edu.au). <\/span><em><span lang=\"EN-US\" style=\"font-size:10.0pt;\nfont-family:&quot;Times New Roman&quot;,serif;mso-fareast-font-family:&quot;Times New Roman&quot;;\nmso-ansi-language:EN-US\"><o:p><\/o:p><\/span><\/em><\/p>\n\n<p><span style=\"font-size:10.0pt;\nfont-family:&quot;Times New Roman&quot;,serif;mso-fareast-font-family:&quot;Times New Roman&quot;;\nmso-fareast-language:EN-US\">&nbsp;<\/span><\/p>\n\n<p><span style=\"font-size:10.0pt;font-family:\n&quot;Times New Roman&quot;,serif;mso-fareast-font-family:&quot;Times New Roman&quot;\">Please keep a copy of this information sheet (you can download the pdf here:&nbsp;<\/span><a href=\"https:\/\/unswpsy.asia.qualtrics.com\/CP\/File.php?F=F_3DbzYjqbBfIYVrT\" target=\"_blank\">Consent form<\/a> <span style=\"font-size:10.0pt;font-family:\n&quot;Times New Roman&quot;,serif;mso-fareast-font-family:&quot;Times New Roman&quot;\">)<o:p><\/o:p><\/span><\/p>\n\n<p><strong><span lang=\"EN-US\" style=\"font-size:12.0pt;mso-bidi-font-size:10.0pt;font-family:&quot;Times New Roman&quot;,serif;\nmso-fareast-font-family:&quot;Times New Roman&quot;;mso-ansi-language:EN-US\">&nbsp;<\/span><\/strong><\/p>\n\n<p><strong><span lang=\"EN-US\" style=\"font-size:12.0pt;mso-bidi-font-size:10.0pt;font-family:&quot;Times New Roman&quot;,serif;\nmso-fareast-font-family:&quot;Times New Roman&quot;;mso-ansi-language:EN-US\">PARTICIPANT CONSENT <\/span><\/strong><u><span lang=\"EN-US\" style=\"font-size:12.0pt;mso-bidi-font-size:\n10.0pt;font-family:&quot;Times New Roman&quot;,serif;mso-fareast-font-family:&quot;Times New Roman&quot;;\nmso-ansi-language:EN-US\"><o:p><\/o:p><\/span><\/u><\/p>\n\n<p><strong><span lang=\"EN-US\" style=\"font-size:10.0pt;font-family:&quot;Times New Roman&quot;,serif;\nmso-fareast-font-family:&quot;Times New Roman&quot;;mso-ansi-language:EN-US\">&nbsp;<\/span><\/strong><\/p>\n\n<p><strong><span lang=\"EN-US\" style=\"font-size:10.0pt;font-family:&quot;Times New Roman&quot;,serif;\nmso-fareast-font-family:&quot;Times New Roman&quot;;mso-ansi-language:EN-US\">By continuing, you are making a decision whether or not to participate.&nbsp; Clicking the button below indicates that, having read the information provided on the participant information sheet, you have decided to participate.&nbsp;<o:p><\/o:p><\/span><\/strong><\/p>\n\n<p>&nbsp;<\/p>\n\n<p><span lang=\"EN-US\" style=\"font-size:10.0pt;\nfont-family:&quot;Times New Roman&quot;,serif;mso-fareast-font-family:&quot;Times New Roman&quot;;\nmso-ansi-language:EN-US\">To withdraw your consent, simply close the browser tab and return the HIT. Your data will be deleted from our records.&nbsp;<o:p><\/o:p><\/span><\/p>","DefaultChoices":false,"DataExportTag":"Q10","QuestionType":"MC","Selector":"SAVR","SubSelector":"TX","Configuration":{"QuestionDescriptionOption":"UseText"},"QuestionDescription":"Approval No 2574 \u00a0\u00a0 \u00a0 THE UNIVERSITY OF NEW SOUTH WALES \u00a0 PARTICIPANT INFORMATION STATEMENT \u00a0 The...","Choices":{"1":{"Display":"<span style=\"font-size:24px;\">I Agree<\/span>"}},"ChoiceOrder":["1"],"Validation":{"Settings":{"ForceResponse":"ON","ForceResponseType":"ON","Type":"None"}},"GradingData":[],"Language":[],"QuestionID":"QID10"}},{"SurveyID":"SV_8Hbe2kHCKOJUMm1","Element":"SQ","PrimaryAttribute":"QID9","SecondaryAttribute":"Click to write the question text","TertiaryAttribute":null,"Payload":{"QuestionText":"Click to write the question text","DefaultChoices":false,"DataExportTag":"Q9","QuestionType":"DB","Selector":"GRB","SubSelector":"WOTXB","Configuration":{"QuestionDescriptionOption":"UseText"},"QuestionDescription":"Click to write the question text","ChoiceOrder":[],"Validation":{"Settings":{"Type":"None"}},"GradingData":[],"Language":[],"QuestionID":"QID9"}},{"SurveyID":"SV_8Hbe2kHCKOJUMm1","Element":"RS","PrimaryAttribute":"RS_6usvhrwtfLl252R","SecondaryAttribute":"Default Response Set","TertiaryAttribute":null,"Payload":null},{"SurveyID":"SV_8Hbe2kHCKOJUMm1","Element":"SQ","PrimaryAttribute":"QID1","SecondaryAttribute":"Gender: ","TertiaryAttribute":null,"Payload":{"QuestionText":"Gender:&nbsp;","DefaultChoices":false,"DataExportTag":"Q1","QuestionType":"MC","Selector":"SAVR","SubSelector":"TX","Configuration":{"QuestionDescriptionOption":"UseText"},"QuestionDescription":"Gender: ","Choices":{"1":{"Display":"Male"},"2":{"Display":"Female"},"3":{"Display":"Other"}},"ChoiceOrder":[1,2,3],"Validation":{"Settings":{"ForceResponse":"ON","ForceResponseType":"ON","Type":"None"}},"GradingData":[],"Language":[],"QuestionID":"QID1"}},{"SurveyID":"SV_8Hbe2kHCKOJUMm1","Element":"SQ","PrimaryAttribute":"QID4","SecondaryAttribute":"Please use the bars below to assign the relative probability (as a percentage) that each candidat...","TertiaryAttribute":null,"Payload":{"QuestionText":"Please use the bars below to assign the relative probability (as a percentage) that each candidate will win the upcoming Australian Federal Election. Your answer must sum to 100%.","DefaultChoices":false,"DataExportTag":"Q4","QuestionType":"CS","Selector":"HBAR","Configuration":{"QuestionDescriptionOption":"UseText","CSSliderMin":0,"CSSliderMax":100,"GridLines":10,"NumDecimals":"0","ShowValue":true,"CustomStart":true,"SliderStartPositions":{"1":0.097989949748744,"2":0.097989949748744,"3":0.10050251256281,"4":0.10050251256281}},"QuestionDescription":"Please use the bars below to assign the relative probability (as a percentage) that each candidat...","Choices":{"1":{"Display":"John Howard"},"2":{"Display":"Malcolm Turnbull"},"3":{"Display":"Gordon Brown"},"4":{"Display":"Bill Shorten"}},"ChoiceOrder":[1,2,3,4],"Validation":{"Settings":{"Type":"ChoicesTotal","ChoiceTotal":"100"}},"GradingData":[],"Language":[],"Labels":[],"QuestionID":"QID4","Randomization":{"Advanced":null,"Type":"All","TotalRandSubset":""}}},{"SurveyID":"SV_8Hbe2kHCKOJUMm1","Element":"SQ","PrimaryAttribute":"QID5","SecondaryAttribute":"Please use the bars below to assign the relative probability (as a percentage) that each player w...","TertiaryAttribute":null,"Payload":{"QuestionText":"Please use the bars below to assign the relative probability (as a percentage) that each player will be a top 5 draft pick for the upcoming 2016 NFL draft. Your answer must sum to 100%.","DefaultChoices":false,"DataExportTag":"Q5","QuestionType":"CS","Selector":"HBAR","Configuration":{"QuestionDescriptionOption":"UseText","CSSliderMin":0,"CSSliderMax":100,"GridLines":10,"NumDecimals":"0","ShowValue":true,"CustomStart":true,"SliderStartPositions":{"1":0.10050251256281,"2":0.10301507537688,"3":0.10050251256281,"4":0.10301507537688}},"QuestionDescription":"Please use the bars below to assign the relative probability (as a percentage) that each player w...","Choices":{"1":{"Display":"Laremy Tunsil"},"2":{"Display":"Russell Wilson"},"3":{"Display":"Von Miller"},"4":{"Display":"Jonathan Bullard"}},"ChoiceOrder":[1,2,3,4],"Validation":{"Settings":{"Type":"ChoicesTotal","ChoiceTotal":"100"}},"GradingData":[],"Language":[],"Labels":[],"QuestionID":"QID5","Randomization":{"Advanced":null,"Type":"All","TotalRandSubset":""}}},{"SurveyID":"SV_8Hbe2kHCKOJUMm1","Element":"SQ","PrimaryAttribute":"QID8","SecondaryAttribute":"Thanks for accepting this HIT. In this survey, you will be asked 2 questions relating to the outc...","TertiaryAttribute":null,"Payload":{"QuestionText":"Thanks for accepting this HIT.<div><br><\/div><div>In this survey, you will be asked 2 questions relating to the outcomes of upcoming events. We ask that you please do not do any research on the internet, and only answer according to your current knowledge.&nbsp;<\/div><div><br><\/div><div>First we will ask for your formal consent to participate in the experiment, followed by some basic demographics, and then you will receive the 2 questions.<\/div>","DefaultChoices":false,"DataExportTag":"Q8","QuestionType":"DB","Selector":"TB","Configuration":{"QuestionDescriptionOption":"UseText"},"QuestionDescription":"Thanks for accepting this HIT. In this survey, you will be asked 2 questions relating to the outc...","ChoiceOrder":[],"Validation":{"Settings":{"Type":"None"}},"GradingData":[],"Language":[],"QuestionID":"QID8"}},{"SurveyID":"SV_8Hbe2kHCKOJUMm1","Element":"SQ","PrimaryAttribute":"QID7","SecondaryAttribute":"Welcome to our study. \u00a0 Before we begin, please enter your mTurk worker ID in the field below. We..","TertiaryAttribute":null,"Payload":{"QuestionText":"Welcome to our study.\n<div>&nbsp;<\/div>\n\n<div>Before we begin, please enter your mTurk worker ID in the field below.<\/div>\n\n<div><br><\/div><div>We take this ID to help us verify that you have started the study, in the rare case that something goes wrong, and we may also check your ID against our database to see whether you have completed a similar survey previously.<\/div><div><br><\/div><div>If you have completed a similar survey already, you will not be able to continue with this survey. This does NOT mean that you will be rejected, or suffer any consequences on mTurk. You will simply be told to close the window and move on.&nbsp;<\/div><div><br><\/div><div>Worker ID:<\/div>","DefaultChoices":{"TEXT":{"Text":"${e:\/\/Field\/MID}"}},"DataExportTag":"Q8","QuestionType":"TE","Selector":"SL","Configuration":{"QuestionDescriptionOption":"UseText"},"QuestionDescription":"Welcome to our study. \u00a0 Before we begin, please enter your mTurk worker ID in the field below. We...","Validation":{"Settings":{"ForceResponse":"ON","ForceResponseType":"ON","Type":"None"}},"GradingData":[],"Language":[],"QuestionID":"QID7"}},{"SurveyID":"SV_8Hbe2kHCKOJUMm1","Element":"SQ","PrimaryAttribute":"QID3","SecondaryAttribute":"Which city do you live in?","TertiaryAttribute":null,"Payload":{"QuestionText":"Which city do you live in?","DefaultChoices":false,"DataExportTag":"Q3","QuestionID":"QID3","QuestionType":"TE","Selector":"SL","Configuration":{"QuestionDescriptionOption":"UseText"},"QuestionDescription":"Which city do you live in?","Validation":{"Settings":{"ForceResponse":"ON","ForceResponseType":"ON","Type":"None"}},"GradingData":[],"Language":[]}},{"SurveyID":"SV_8Hbe2kHCKOJUMm1","Element":"SQ","PrimaryAttribute":"QID6","SecondaryAttribute":"Which country do you currently live in?","TertiaryAttribute":null,"Payload":{"QuestionText":"Which country do you currently live in?","DefaultChoices":false,"DataExportTag":"Q6","QuestionType":"TE","Selector":"SL","Configuration":{"QuestionDescriptionOption":"UseText"},"QuestionDescription":"Which country do you currently live in?","Validation":{"Settings":{"ForceResponse":"ON","ForceResponseType":"ON","Type":"None"}},"GradingData":[],"Language":[],"QuestionID":"QID6"}}]}